PODS:
  - Curve25519 (2.0.2)
  - HKDFKit (0.0.3)
  - ProtocolBuffers (1.9.7)

DEPENDENCIES:
  - Curve25519 (from `/Users/houxh/workspace/Curve25519`)
  - HKDFKit (~> 0.0.3)
  - ProtocolBuffers (~> 1.9.7)

SPEC REPOS:
  trunk:
    - HKDFKit
    - ProtocolBuffers

EXTERNAL SOURCES:
  Curve25519:
    :path: "/Users/houxh/workspace/Curve25519"

SPEC CHECKSUMS:
  Curve25519: b7b092bb137a379bcc0943e17538fa5065137229
  HKDFKit: c058305d6f64b84f28c50bd7aa89574625bcb62a
  ProtocolBuffers: 0682a66dec85e5a45bd53a2f44b8b987a0ba845f

PODFILE CHECKSUM: ef313510c96e3e9735f0b7d814e016b2081e295c

COCOAPODS: 1.8.4
